
Microsoft Visual Studio Solution File, Format Version 12.00
# Visual Studio Version 16
VisualStudioVersion = 16.0.29519.87
MinimumVisualStudioVersion = 10.0.40219.1
Project("{FAE04EC0-301F-11D3-BF4B-00C04F79EFBC}") = "Task2", "Task2\Task2.csproj", "{55D6263F-9058-4A54-8CB3-D61667357C79}"
EndProject
Global
	GlobalSection(SolutionConfigurationPlatforms) = preSolution
		Debug|Any CPU = Debug|Any CPU
		Release|Any CPU = Release|Any CPU
	EndGlobalSection
	GlobalSection(ProjectConfigurationPlatforms) = postSolution
		{55D6263F-9058-4A54-8CB3-D61667357C79}.Debug|Any CPU.ActiveCfg = Debug|Any CPU
		{55D6263F-9058-4A54-8CB3-D61667357C79}.Debug|Any CPU.Build.0 = Debug|Any CPU
		{55D6263F-9058-4A54-8CB3-D61667357C79}.Release|Any CPU.ActiveCfg = Release|Any CPU
		{55D6263F-9058-4A54-8CB3-D61667357C79}.Release|Any CPU.Build.0 = Release|Any CPU
	EndGlobalSection
	GlobalSection(SolutionProperties) = preSolution
		HideSolutionNode = FALSE
	EndGlobalSection
	GlobalSection(ExtensibilityGlobals) = postSolution
		SolutionGuid = {66424066-D400-48CA-9650-A5859BE08D3F}
	EndGlobalSection
EndGlobal
